// !$*UTF8*$!
{
	archiveVersion = 1;
	classes = {
	};
	objectVersion = 55;
	objects = {

/* Begin PBXBuildFile section */
		FA6BDCE82AE11CAD000AEED6 /* PhotosModel.swift in Sources */ = {isa = PBXBuildFile; fileRef = FA6BDCE72AE11CAD000AEED6 /* PhotosModel.swift */; };
		FA6BDCEB2AE154E7000AEED6 /* PhotosCVC.swift in Sources */ = {isa = PBXBuildFile; fileRef = FA6BDCEA2AE154E7000AEED6 /* PhotosCVC.swift */; };
		FA9C64EC2AE1654F00C1E72B /* PhotoCVCell.xib in Resources */ = {isa = PBXBuildFile; fileRef = FA9C64EA2AE1654F00C1E72B /* PhotoCVCell.xib */; };
		FA9C64ED2AE1654F00C1E72B /* PhotoCVCell.swift in Sources */ = {isa = PBXBuildFile; fileRef = FA9C64EB2AE1654F00C1E72B /* PhotoCVCell.swift */; };
		FA9D18ED2AE1990B009C1E92 /* CachManager.swift in Sources */ = {isa = PBXBuildFile; fileRef = FA9D18EC2AE1990B009C1E92 /* CachManager.swift */; };
		FA9D18F02AE19E90009C1E92 /* PhotoVC.swift in Sources */ = {isa = PBXBuildFile; fileRef = FA9D18EF2AE19E90009C1E92 /* PhotoVC.swift */; };
		FAA409DE2AD5B3300051F205 /* AppDelegate.swift in Sources */ = {isa = PBXBuildFile; fileRef = FAA409DD2AD5B3300051F205 /* AppDelegate.swift */; };
		FAA409E02AD5B3300051F205 /* SceneDelegate.swift in Sources */ = {isa = PBXBuildFile; fileRef = FAA409DF2AD5B3300051F205 /* SceneDelegate.swift */; };
		FAA409E52AD5B3300051F205 /* Main.storyboard in Resources */ = {isa = PBXBuildFile; fileRef = FAA409E32AD5B3300051F205 /* Main.storyboard */; };
		FAA409E72AD5B3350051F205 /* Assets.xcassets in Resources */ = {isa = PBXBuildFile; fileRef = FAA409E62AD5B3350051F205 /* Assets.xcassets */; };
		FAA409EA2AD5B3350051F205 /* LaunchScreen.storyboard in Resources */ = {isa = PBXBuildFile; fileRef = FAA409E82AD5B3350051F205 /* LaunchScreen.storyboard */; };
		FAA409F72AD6D86C0051F205 /* CollectionViewController.swift in Sources */ = {isa = PBXBuildFile; fileRef = FAA409F62AD6D86C0051F205 /* CollectionViewController.swift */; };
		FAA409F92AD6DA550051F205 /* ActionCVC.swift in Sources */ = {isa = PBXBuildFile; fileRef = FAA409F82AD6DA550051F205 /* ActionCVC.swift */; };
		FAA409FD2AD6F9B50051F205 /* ImageVC.swift in Sources */ = {isa = PBXBuildFile; fileRef = FAA409FC2AD6F9B50051F205 /* ImageVC.swift */; };
		FAA40A002AD7B9750051F205 /* UsersTVC.swift in Sources */ = {isa = PBXBuildFile; fileRef = FAA409FF2AD7B9750051F205 /* UsersTVC.swift */; };
		FAA40A032AD7B9E00051F205 /* UsersModel.swift in Sources */ = {isa = PBXBuildFile; fileRef = FAA40A022AD7B9E00051F205 /* UsersModel.swift */; };
		FAA40A052AD7BDDE0051F205 /* AddresModel.swift in Sources */ = {isa = PBXBuildFile; fileRef = FAA40A042AD7BDDE0051F205 /* AddresModel.swift */; };
		FAA40A072AD7BDFF0051F205 /* CompanyModel.swift in Sources */ = {isa = PBXBuildFile; fileRef = FAA40A062AD7BDFF0051F205 /* CompanyModel.swift */; };
		FAA40A0A2AD7C4250051F205 /* ApiConstans.swift in Sources */ = {isa = PBXBuildFile; fileRef = FAA40A092AD7C4250051F205 /* ApiConstans.swift */; };
		FAA40A0C2AD857350051F205 /* DetailUserVC.swift in Sources */ = {isa = PBXBuildFile; fileRef = FAA40A0B2AD857340051F205 /* DetailUserVC.swift */; };
		FAA40A0E2AD85A4F0051F205 /* PostFlow.storyboard in Resources */ = {isa = PBXBuildFile; fileRef = FAA40A0D2AD85A4F0051F205 /* PostFlow.storyboard */; };
		FAA40A102AD85A780051F205 /* AlbumsAndPhotos.storyboard in Resources */ = {isa = PBXBuildFile; fileRef = FAA40A0F2AD85A780051F205 /* AlbumsAndPhotos.storyboard */; };
		FAA40A122AD85E490051F205 /* PostsTVC.swift in Sources */ = {isa = PBXBuildFile; fileRef = FAA40A112AD85E490051F205 /* PostsTVC.swift */; };
		FAA40A152AD85E870051F205 /* AlbumsTVC.swift in Sources */ = {isa = PBXBuildFile; fileRef = FAA40A142AD85E870051F205 /* AlbumsTVC.swift */; };
		FAA40A182AD85FBA0051F205 /* PostsModel.swift in Sources */ = {isa = PBXBuildFile; fileRef = FAA40A172AD85FBA0051F205 /* PostsModel.swift */; };
		FAA40A1A2AD8608B0051F205 /* AlbumsModel.swift in Sources */ = {isa = PBXBuildFile; fileRef = FAA40A192AD8608B0051F205 /* AlbumsModel.swift */; };
		FAA40A1C2AD86A7F0051F205 /* NetworkService.swift in Sources */ = {isa = PBXBuildFile; fileRef = FAA40A1B2AD86A7F0051F205 /* NetworkService.swift */; };
		FAA40A1E2AD86D2B0051F205 /* NewPostVC.swift in Sources */ = {isa = PBXBuildFile; fileRef = FAA40A1D2AD86D2B0051F205 /* NewPostVC.swift */; };
		FAA40A212AD874F10051F205 /* SwiftyJSON in Frameworks */ = {isa = PBXBuildFile; productRef = FAA40A202AD874F10051F205 /* SwiftyJSON */; };
		FAA40A242AD875BE0051F205 /* Alamofire in Frameworks */ = {isa = PBXBuildFile; productRef = FAA40A232AD875BE0051F205 /* Alamofire */; };
		FAA40A272AD876FB0051F205 /* AlamofireImage in Frameworks */ = {isa = PBXBuildFile; productRef = FAA40A262AD876FB0051F205 /* AlamofireImage */; };
		FAB1B0EA2ADDD5CB008F73B5 /* NewUserVC.swift in Sources */ = {isa = PBXBuildFile; fileRef = FAB1B0E92ADDD5CB008F73B5 /* NewUserVC.swift */; };
		FAB1B0ED2ADEF5AC008F73B5 /* CommentsTVC.swift in Sources */ = {isa = PBXBuildFile; fileRef = FAB1B0EC2ADEF5AC008F73B5 /* CommentsTVC.swift */; };
		FAB1B0EF2ADEF61A008F73B5 /* CommentsModel.swift in Sources */ = {isa = PBXBuildFile; fileRef = FAB1B0EE2ADEF61A008F73B5 /* CommentsModel.swift */; };
/* End PBXBuildFile section */

/* Begin PBXFileReference section */
		FA6BDCE72AE11CAD000AEED6 /* PhotosModel.swift */ = {isa = PBXFileReference; lastKnownFileType = sourcecode.swift; path = PhotosModel.swift; sourceTree = "<group>"; };
		FA6BDCEA2AE154E7000AEED6 /* PhotosCVC.swift */ = {isa = PBXFileReference; lastKnownFileType = sourcecode.swift; path = PhotosCVC.swift; sourceTree = "<group>"; };
		FA9C64EA2AE1654F00C1E72B /* PhotoCVCell.xib */ = {isa = PBXFileReference; lastKnownFileType = file.xib; path = PhotoCVCell.xib; sourceTree = "<group>"; };
		FA9C64EB2AE1654F00C1E72B /* PhotoCVCell.swift */ = {isa = PBXFileReference; lastKnownFileType = sourcecode.swift; path = PhotoCVCell.swift; sourceTree = "<group>"; };
		FA9D18EC2AE1990B009C1E92 /* CachManager.swift */ = {isa = PBXFileReference; lastKnownFileType = sourcecode.swift; path = CachManager.swift; sourceTree = "<group>"; };
		FA9D18EF2AE19E90009C1E92 /* PhotoVC.swift */ = {isa = PBXFileReference; lastKnownFileType = sourcecode.swift; path = PhotoVC.swift; sourceTree = "<group>"; };
		FAA409DA2AD5B3300051F205 /* REST_API_Postman_Alamofire.app */ = {isa = PBXFileReference; explicitFileType = wrapper.application; includeInIndex = 0; path = REST_API_Postman_Alamofire.app; sourceTree = BUILT_PRODUCTS_DIR; };
		FAA409DD2AD5B3300051F205 /* AppDelegate.swift */ = {isa = PBXFileReference; lastKnownFileType = sourcecode.swift; path = AppDelegate.swift; sourceTree = "<group>"; };
		FAA409DF2AD5B3300051F205 /* SceneDelegate.swift */ = {isa = PBXFileReference; lastKnownFileType = sourcecode.swift; path = SceneDelegate.swift; sourceTree = "<group>"; };
		FAA409E42AD5B3300051F205 /* Base */ = {isa = PBXFileReference; lastKnownFileType = file.storyboard; name = Base; path = Base.lproj/Main.storyboard; sourceTree = "<group>"; };
		FAA409E62AD5B3350051F205 /* Assets.xcassets */ = {isa = PBXFileReference; lastKnownFileType = folder.assetcatalog; path = Assets.xcassets; sourceTree = "<group>"; };
		FAA409E92AD5B3350051F205 /* Base */ = {isa = PBXFileReference; lastKnownFileType = file.storyboard; name = Base; path = Base.lproj/LaunchScreen.storyboard; sourceTree = "<group>"; };
		FAA409EB2AD5B3350051F205 /* Info.plist */ = {isa = PBXFileReference; lastKnownFileType = text.plist.xml; path = Info.plist; sourceTree = "<group>"; };
		FAA409F62AD6D86C0051F205 /* CollectionViewController.swift */ = {isa = PBXFileReference; lastKnownFileType = sourcecode.swift; path = CollectionViewController.swift; sourceTree = "<group>"; };
		FAA409F82AD6DA550051F205 /* ActionCVC.swift */ = {isa = PBXFileReference; lastKnownFileType = sourcecode.swift; path = ActionCVC.swift; sourceTree = "<group>"; };
		FAA409FC2AD6F9B50051F205 /* ImageVC.swift */ = {isa = PBXFileReference; lastKnownFileType = sourcecode.swift; path = ImageVC.swift; sourceTree = "<group>"; };
		FAA409FF2AD7B9750051F205 /* UsersTVC.swift */ = {isa = PBXFileReference; lastKnownFileType = sourcecode.swift; path = UsersTVC.swift; sourceTree = "<group>"; };
		FAA40A022AD7B9E00051F205 /* UsersModel.swift */ = {isa = PBXFileReference; lastKnownFileType = sourcecode.swift; path = UsersModel.swift; sourceTree = "<group>"; };
		FAA40A042AD7BDDE0051F205 /* AddresModel.swift */ = {isa = PBXFileReference; lastKnownFileType = sourcecode.swift; path = AddresModel.swift; sourceTree = "<group>"; };
		FAA40A062AD7BDFF0051F205 /* CompanyModel.swift */ = {isa = PBXFileReference; lastKnownFileType = sourcecode.swift; path = CompanyModel.swift; sourceTree = "<group>"; };
		FAA40A092AD7C4250051F205 /* ApiConstans.swift */ = {isa = PBXFileReference; lastKnownFileType = sourcecode.swift; path = ApiConstans.swift; sourceTree = "<group>"; };
		FAA40A0B2AD857340051F205 /* DetailUserVC.swift */ = {isa = PBXFileReference; lastKnownFileType = sourcecode.swift; path = DetailUserVC.swift; sourceTree = "<group>"; };
		FAA40A0D2AD85A4F0051F205 /* PostFlow.storyboard */ = {isa = PBXFileReference; lastKnownFileType = file.storyboard; path = PostFlow.storyboard; sourceTree = "<group>"; };
		FAA40A0F2AD85A780051F205 /* AlbumsAndPhotos.storyboard */ = {isa = PBXFileReference; lastKnownFileType = file.storyboard; path = AlbumsAndPhotos.storyboard; sourceTree = "<group>"; };
		FAA40A112AD85E490051F205 /* PostsTVC.swift */ = {isa = PBXFileReference; lastKnownFileType = sourcecode.swift; path = PostsTVC.swift; sourceTree = "<group>"; };
		FAA40A142AD85E870051F205 /* AlbumsTVC.swift */ = {isa = PBXFileReference; lastKnownFileType = sourcecode.swift; path = AlbumsTVC.swift; sourceTree = "<group>"; };
		FAA40A172AD85FBA0051F205 /* PostsModel.swift */ = {isa = PBXFileReference; lastKnownFileType = sourcecode.swift; path = PostsModel.swift; sourceTree = "<group>"; };
		FAA40A192AD8608B0051F205 /* AlbumsModel.swift */ = {isa = PBXFileReference; lastKnownFileType = sourcecode.swift; path = AlbumsModel.swift; sourceTree = "<group>"; };
		FAA40A1B2AD86A7F0051F205 /* NetworkService.swift */ = {isa = PBXFileReference; lastKnownFileType = sourcecode.swift; path = NetworkService.swift; sourceTree = "<group>"; };
		FAA40A1D2AD86D2B0051F205 /* NewPostVC.swift */ = {isa = PBXFileReference; lastKnownFileType = sourcecode.swift; path = NewPostVC.swift; sourceTree = "<group>"; };
		FAB1B0E92ADDD5CB008F73B5 /* NewUserVC.swift */ = {isa = PBXFileReference; lastKnownFileType = sourcecode.swift; path = NewUserVC.swift; sourceTree = "<group>"; };
		FAB1B0EC2ADEF5AC008F73B5 /* CommentsTVC.swift */ = {isa = PBXFileReference; lastKnownFileType = sourcecode.swift; path = CommentsTVC.swift; sourceTree = "<group>"; };
		FAB1B0EE2ADEF61A008F73B5 /* CommentsModel.swift */ = {isa = PBXFileReference; lastKnownFileType = sourcecode.swift; path = CommentsModel.swift; sourceTree = "<group>"; };
/* End PBXFileReference section */

/* Begin PBXFrameworksBuildPhase section */
		FAA409D72AD5B3300051F205 /* Frameworks */ = {
			isa = PBXFrameworksBuildPhase;
			buildActionMask = 2147483647;
			files = (
				FAA40A212AD874F10051F205 /* SwiftyJSON in Frameworks */,
				FAA40A242AD875BE0051F205 /* Alamofire in Frameworks */,
				FAA40A272AD876FB0051F205 /* AlamofireImage in Frameworks */,
			);
			runOnlyForDeploymentPostprocessing = 0;
		};
/* End PBXFrameworksBuildPhase section */

/* Begin PBXGroup section */
		FA6BDCE92AE1547E000AEED6 /* Photos */ = {
			isa = PBXGroup;
			children = (
				FA6BDCEA2AE154E7000AEED6 /* PhotosCVC.swift */,
				FA9C64EA2AE1654F00C1E72B /* PhotoCVCell.xib */,
				FA9C64EB2AE1654F00C1E72B /* PhotoCVCell.swift */,
			);
			path = Photos;
			sourceTree = "<group>";
		};
		FA9D18EE2AE19E68009C1E92 /* Photo */ = {
			isa = PBXGroup;
			children = (
				FA9D18EF2AE19E90009C1E92 /* PhotoVC.swift */,
			);
			path = Photo;
			sourceTree = "<group>";
		};
		FAA409D12AD5B3300051F205 = {
			isa = PBXGroup;
			children = (
				FAA409DC2AD5B3300051F205 /* REST_API_Postman_Alamofire */,
				FAA409DB2AD5B3300051F205 /* Products */,
			);
			sourceTree = "<group>";
		};
		FAA409DB2AD5B3300051F205 /* Products */ = {
			isa = PBXGroup;
			children = (
				FAA409DA2AD5B3300051F205 /* REST_API_Postman_Alamofire.app */,
			);
			name = Products;
			sourceTree = "<group>";
		};
		FAA409DC2AD5B3300051F205 /* REST_API_Postman_Alamofire */ = {
			isa = PBXGroup;
			children = (
				FAA40A082AD7C3F10051F205 /* Services */,
				FAA40A012AD7B9B60051F205 /* Models */,
				FAA409F52AD6D4D40051F205 /* Controllers */,
				FAA409F42AD6D4CB0051F205 /* views */,
				FAA409E62AD5B3350051F205 /* Assets.xcassets */,
				FAA409EB2AD5B3350051F205 /* Info.plist */,
				FAA409F32AD6D4C00051F205 /* App */,
			);
			path = REST_API_Postman_Alamofire;
			sourceTree = "<group>";
		};
		FAA409F32AD6D4C00051F205 /* App */ = {
			isa = PBXGroup;
			children = (
				FAA409DD2AD5B3300051F205 /* AppDelegate.swift */,
				FAA409DF2AD5B3300051F205 /* SceneDelegate.swift */,
			);
			path = App;
			sourceTree = "<group>";
		};
		FAA409F42AD6D4CB0051F205 /* views */ = {
			isa = PBXGroup;
			children = (
				FAA409E32AD5B3300051F205 /* Main.storyboard */,
				FAA40A0F2AD85A780051F205 /* AlbumsAndPhotos.storyboard */,
				FAA40A0D2AD85A4F0051F205 /* PostFlow.storyboard */,
				FAA409E82AD5B3350051F205 /* LaunchScreen.storyboard */,
			);
			path = views;
			sourceTree = "<group>";
		};
		FAA409F52AD6D4D40051F205 /* Controllers */ = {
			isa = PBXGroup;
			children = (
				FA9D18EE2AE19E68009C1E92 /* Photo */,
				FAA409FE2AD7B94D0051F205 /* UsersList */,
				FAA40A132AD85E4D0051F205 /* Posts */,
				FAA409FB2AD6F98F0051F205 /* ImageView */,
				FAA40A162AD85E8C0051F205 /* Albums */,
				FA6BDCE92AE1547E000AEED6 /* Photos */,
				FAA409FA2AD6F95B0051F205 /* ActionsCollection */,
			);
			path = Controllers;
			sourceTree = "<group>";
		};
		FAA409FA2AD6F95B0051F205 /* ActionsCollection */ = {
			isa = PBXGroup;
			children = (
				FAA409F62AD6D86C0051F205 /* CollectionViewController.swift */,
				FAA409F82AD6DA550051F205 /* ActionCVC.swift */,
			);
			path = ActionsCollection;
			sourceTree = "<group>";
		};
		FAA409FB2AD6F98F0051F205 /* ImageView */ = {
			isa = PBXGroup;
			children = (
				FAA409FC2AD6F9B50051F205 /* ImageVC.swift */,
			);
			path = ImageView;
			sourceTree = "<group>";
		};
		FAA409FE2AD7B94D0051F205 /* UsersList */ = {
			isa = PBXGroup;
			children = (
				FAA409FF2AD7B9750051F205 /* UsersTVC.swift */,
				FAA40A0B2AD857340051F205 /* DetailUserVC.swift */,
				FAB1B0E92ADDD5CB008F73B5 /* NewUserVC.swift */,
			);
			path = UsersList;
			sourceTree = "<group>";
		};
		FAA40A012AD7B9B60051F205 /* Models */ = {
			isa = PBXGroup;
			children = (
				FAA40A022AD7B9E00051F205 /* UsersModel.swift */,
				FAA40A042AD7BDDE0051F205 /* AddresModel.swift */,
				FAA40A062AD7BDFF0051F205 /* CompanyModel.swift */,
				FAA40A092AD7C4250051F205 /* ApiConstans.swift */,
				FAA40A172AD85FBA0051F205 /* PostsModel.swift */,
				FAA40A192AD8608B0051F205 /* AlbumsModel.swift */,
				FA6BDCE72AE11CAD000AEED6 /* PhotosModel.swift */,
				FAB1B0EE2ADEF61A008F73B5 /* CommentsModel.swift */,
			);
			path = Models;
			sourceTree = "<group>";
		};
		FAA40A082AD7C3F10051F205 /* Services */ = {
			isa = PBXGroup;
			children = (
				FAA40A1B2AD86A7F0051F205 /* NetworkService.swift */,
				FA9D18EC2AE1990B009C1E92 /* CachManager.swift */,
			);
			path = Services;
			sourceTree = "<group>";
		};
		FAA40A132AD85E4D0051F205 /* Posts */ = {
			isa = PBXGroup;
			children = (
				FAA40A112AD85E490051F205 /* PostsTVC.swift */,
				FAA40A1D2AD86D2B0051F205 /* NewPostVC.swift */,
				FAB1B0EB2ADEF56D008F73B5 /* Comments */,
			);
			path = Posts;
			sourceTree = "<group>";
		};
		FAA40A162AD85E8C0051F205 /* Albums */ = {
			isa = PBXGroup;
			children = (
				FAA40A142AD85E870051F205 /* AlbumsTVC.swift */,
			);
			path = Albums;
			sourceTree = "<group>";
		};
		FAB1B0EB2ADEF56D008F73B5 /* Comments */ = {
			isa = PBXGroup;
			children = (
				FAB1B0EC2ADEF5AC008F73B5 /* CommentsTVC.swift */,
			);
			path = Comments;
			sourceTree = "<group>";
		};
/* End PBXGroup section */

/* Begin PBXNativeTarget section */
		FAA409D92AD5B3300051F205 /* REST_API_Postman_Alamofire */ = {
			isa = PBXNativeTarget;
			buildConfigurationList = FAA409EE2AD5B3350051F205 /* Build configuration list for PBXNativeTarget "REST_API_Postman_Alamofire" */;
			buildPhases = (
				FAA409D62AD5B3300051F205 /* Sources */,
				FAA409D72AD5B3300051F205 /* Frameworks */,
				FAA409D82AD5B3300051F205 /* Resources */,
			);
			buildRules = (
			);
			dependencies = (
			);
			name = REST_API_Postman_Alamofire;
			packageProductDependencies = (
				FAA40A202AD874F10051F205 /* SwiftyJSON */,
				FAA40A232AD875BE0051F205 /* Alamofire */,
				FAA40A262AD876FB0051F205 /* AlamofireImage */,
			);
			productName = REST_API_Postman_Alamofire;
			productReference = FAA409DA2AD5B3300051F205 /* REST_API_Postman_Alamofire.app */;
			productType = "com.apple.product-type.application";
		};
/* End PBXNativeTarget section */

/* Begin PBXProject section */
		FAA409D22AD5B3300051F205 /* Project object */ = {
			isa = PBXProject;
			attributes = {
				BuildIndependentTargetsInParallel = 1;
				KnownAssetTags = (
					New,
				);
				LastSwiftUpdateCheck = 1340;
				LastUpgradeCheck = 1340;
				TargetAttributes = {
					FAA409D92AD5B3300051F205 = {
						CreatedOnToolsVersion = 13.4.1;
					};
				};
			};
			buildConfigurationList = FAA409D52AD5B3300051F205 /* Build configuration list for PBXProject "REST_API_Postman_Alamofire" */;
			compatibilityVersion = "Xcode 13.0";
			developmentRegion = en;
			hasScannedForEncodings = 0;
			knownRegions = (
				en,
				Base,
			);
			mainGroup = FAA409D12AD5B3300051F205;
			packageReferences = (
				FAA40A1F2AD874F10051F205 /* XCRemoteSwiftPackageReference "SwiftyJSON" */,
				FAA40A222AD875BE0051F205 /* XCRemoteSwiftPackageReference "Alamofire" */,
				FAA40A252AD876FB0051F205 /* XCRemoteSwiftPackageReference "AlamofireImage" */,
			);
			productRefGroup = FAA409DB2AD5B3300051F205 /* Products */;
			projectDirPath = "";
			projectRoot = "";
			targets = (
				FAA409D92AD5B3300051F205 /* REST_API_Postman_Alamofire */,
			);
		};
/* End PBXProject section */

/* Begin PBXResourcesBuildPhase section */
		FAA409D82AD5B3300051F205 /* Resources */ = {
			isa = PBXResourcesBuildPhase;
			buildActionMask = 2147483647;
			files = (
				FAA40A0E2AD85A4F0051F205 /* PostFlow.storyboard in Resources */,
				FAA409EA2AD5B3350051F205 /* LaunchScreen.storyboard in Resources */,
				FAA409E72AD5B3350051F205 /* Assets.xcassets in Resources */,
				FA9C64EC2AE1654F00C1E72B /* PhotoCVCell.xib in Resources */,
				FAA409E52AD5B3300051F205 /* Main.storyboard in Resources */,
				FAA40A102AD85A780051F205 /* AlbumsAndPhotos.storyboard in Resources */,
			);
			runOnlyForDeploymentPostprocessing = 0;
		};
/* End PBXResourcesBuildPhase section */

/* Begin PBXSourcesBuildPhase section */
		FAA409D62AD5B3300051F205 /* Sources */ = {
			isa = PBXSourcesBuildPhase;
			buildActionMask = 2147483647;
			files = (
				FAA40A052AD7BDDE0051F205 /* AddresModel.swift in Sources */,
				FAA409F92AD6DA550051F205 /* ActionCVC.swift in Sources */,
				FAA409F72AD6D86C0051F205 /* CollectionViewController.swift in Sources */,
				FAA40A122AD85E490051F205 /* PostsTVC.swift in Sources */,
				FAA40A0A2AD7C4250051F205 /* ApiConstans.swift in Sources */,
				FAA40A1E2AD86D2B0051F205 /* NewPostVC.swift in Sources */,
				FAA40A182AD85FBA0051F205 /* PostsModel.swift in Sources */,
				FAA40A002AD7B9750051F205 /* UsersTVC.swift in Sources */,
				FAA409FD2AD6F9B50051F205 /* ImageVC.swift in Sources */,
				FAB1B0EF2ADEF61A008F73B5 /* CommentsModel.swift in Sources */,
				FAB1B0ED2ADEF5AC008F73B5 /* CommentsTVC.swift in Sources */,
				FAA40A152AD85E870051F205 /* AlbumsTVC.swift in Sources */,
				FAB1B0EA2ADDD5CB008F73B5 /* NewUserVC.swift in Sources */,
				FAA40A072AD7BDFF0051F205 /* CompanyModel.swift in Sources */,
				FA6BDCE82AE11CAD000AEED6 /* PhotosModel.swift in Sources */,
				FAA40A1C2AD86A7F0051F205 /* NetworkService.swift in Sources */,
				FAA40A1A2AD8608B0051F205 /* AlbumsModel.swift in Sources */,
				FAA409DE2AD5B3300051F205 /* AppDelegate.swift in Sources */,
				FAA409E02AD5B3300051F205 /* SceneDelegate.swift in Sources */,
				FAA40A0C2AD857350051F205 /* DetailUserVC.swift in Sources */,
				FA9C64ED2AE1654F00C1E72B /* PhotoCVCell.swift in Sources */,
				FAA40A032AD7B9E00051F205 /* UsersModel.swift in Sources */,
				FA9D18ED2AE1990B009C1E92 /* CachManager.swift in Sources */,
				FA9D18F02AE19E90009C1E92 /* PhotoVC.swift in Sources */,
				FA6BDCEB2AE154E7000AEED6 /* PhotosCVC.swift in Sources */,
			);
			runOnlyForDeploymentPostprocessing = 0;
		};
/* End PBXSourcesBuildPhase section */

/* Begin PBXVariantGroup section */
		FAA409E32AD5B3300051F205 /* Main.storyboard */ = {
			isa = PBXVariantGroup;
			children = (
				FAA409E42AD5B3300051F205 /* Base */,
			);
			name = Main.storyboard;
			sourceTree = "<group>";
		};
		FAA409E82AD5B3350051F205 /* LaunchScreen.storyboard */ = {
			isa = PBXVariantGroup;
			children = (
				FAA409E92AD5B3350051F205 /* Base */,
			);
			name = LaunchScreen.storyboard;
			sourceTree = "<group>";
		};
/* End PBXVariantGroup section */

/* Begin XCBuildConfiguration section */
		FAA409EC2AD5B3350051F205 /* Debug */ = {
			isa = XCBuildConfiguration;
			buildSettings = {
				ALWAYS_SEARCH_USER_PATHS = NO;
				CLANG_ANALYZER_NONNULL = YES;
				CLANG_ANALYZER_NUMBER_OBJECT_CONVERSION = YES_AGGRESSIVE;
				CLANG_CXX_LANGUAGE_STANDARD = "gnu++17";
				CLANG_ENABLE_MODULES = YES;
				CLANG_ENABLE_OBJC_ARC = YES;
				CLANG_ENABLE_OBJC_WEAK = YES;
				CLANG_WARN_BLOCK_CAPTURE_AUTORELEASING = YES;
				CLANG_WARN_BOOL_CONVERSION = YES;
				CLANG_WARN_COMMA = YES;
				CLANG_WARN_CONSTANT_CONVERSION = YES;
				CLANG_WARN_DEPRECATED_OBJC_IMPLEMENTATIONS = YES;
				CLANG_WARN_DIRECT_OBJC_ISA_USAGE = YES_ERROR;
				CLANG_WARN_DOCUMENTATION_COMMENTS = YES;
				CLANG_WARN_EMPTY_BODY = YES;
				CLANG_WARN_ENUM_CONVERSION = YES;
				CLANG_WARN_INFINITE_RECURSION = YES;
				CLANG_WARN_INT_CONVERSION = YES;
				CLANG_WARN_NON_LITERAL_NULL_CONVERSION = YES;
				CLANG_WARN_OBJC_IMPLICIT_RETAIN_SELF = YES;
				CLANG_WARN_OBJC_LITERAL_CONVERSION = YES;
				CLANG_WARN_OBJC_ROOT_CLASS = YES_ERROR;
				CLANG_WARN_QUOTED_INCLUDE_IN_FRAMEWORK_HEADER = YES;
				CLANG_WARN_RANGE_LOOP_ANALYSIS = YES;
				CLANG_WARN_STRICT_PROTOTYPES = YES;
				CLANG_WARN_SUSPICIOUS_MOVE = YES;
				CLANG_WARN_UNGUARDED_AVAILABILITY = YES_AGGRESSIVE;
				CLANG_WARN_UNREACHABLE_CODE = YES;
				CLANG_WARN__DUPLICATE_METHOD_MATCH = YES;
				COPY_PHASE_STRIP = NO;
				DEBUG_INFORMATION_FORMAT = dwarf;
				ENABLE_STRICT_OBJC_MSGSEND = YES;
				ENABLE_TESTABILITY = YES;
				GCC_C_LANGUAGE_STANDARD = gnu11;
				GCC_DYNAMIC_NO_PIC = NO;
				GCC_NO_COMMON_BLOCKS = YES;
				GCC_OPTIMIZATION_LEVEL = 0;
				GCC_PREPROCESSOR_DEFINITIONS = (
					"DEBUG=1",
					"$(inherited)",
				);
				GCC_WARN_64_TO_32_BIT_CONVERSION = YES;
				GCC_WARN_ABOUT_RETURN_TYPE = YES_ERROR;
				GCC_WARN_UNDECLARED_SELECTOR = YES;
				GCC_WARN_UNINITIALIZED_AUTOS = YES_AGGRESSIVE;
				GCC_WARN_UNUSED_FUNCTION = YES;
				GCC_WARN_UNUSED_VARIABLE = YES;
				IPHONEOS_DEPLOYMENT_TARGET = 15.5;
				MTL_ENABLE_DEBUG_INFO = INCLUDE_SOURCE;
				MTL_FAST_MATH = YES;
				ONLY_ACTIVE_ARCH = YES;
				SDKROOT = iphoneos;
				SWIFT_ACTIVE_COMPILATION_CONDITIONS = DEBUG;
				SWIFT_OPTIMIZATION_LEVEL = "-Onone";
			};
			name = Debug;
		};
		FAA409ED2AD5B3350051F205 /* Release */ = {
			isa = XCBuildConfiguration;
			buildSettings = {
				ALWAYS_SEARCH_USER_PATHS = NO;
				CLANG_ANALYZER_NONNULL = YES;
				CLANG_ANALYZER_NUMBER_OBJECT_CONVERSION = YES_AGGRESSIVE;
				CLANG_CXX_LANGUAGE_STANDARD = "gnu++17";
				CLANG_ENABLE_MODULES = YES;
				CLANG_ENABLE_OBJC_ARC = YES;
				CLANG_ENABLE_OBJC_WEAK = YES;
				CLANG_WARN_BLOCK_CAPTURE_AUTORELEASING = YES;
				CLANG_WARN_BOOL_CONVERSION = YES;
				CLANG_WARN_COMMA = YES;
				CLANG_WARN_CONSTANT_CONVERSION = YES;
				CLANG_WARN_DEPRECATED_OBJC_IMPLEMENTATIONS = YES;
				CLANG_WARN_DIRECT_OBJC_ISA_USAGE = YES_ERROR;
				CLANG_WARN_DOCUMENTATION_COMMENTS = YES;
				CLANG_WARN_EMPTY_BODY = YES;
				CLANG_WARN_ENUM_CONVERSION = YES;
				CLANG_WARN_INFINITE_RECURSION = YES;
				CLANG_WARN_INT_CONVERSION = YES;
				CLANG_WARN_NON_LITERAL_NULL_CONVERSION = YES;
				CLANG_WARN_OBJC_IMPLICIT_RETAIN_SELF = YES;
				CLANG_WARN_OBJC_LITERAL_CONVERSION = YES;
				CLANG_WARN_OBJC_ROOT_CLASS = YES_ERROR;
				CLANG_WARN_QUOTED_INCLUDE_IN_FRAMEWORK_HEADER = YES;
				CLANG_WARN_RANGE_LOOP_ANALYSIS = YES;
				CLANG_WARN_STRICT_PROTOTYPES = YES;
				CLANG_WARN_SUSPICIOUS_MOVE = YES;
				CLANG_WARN_UNGUARDED_AVAILABILITY = YES_AGGRESSIVE;
				CLANG_WARN_UNREACHABLE_CODE = YES;
				CLANG_WARN__DUPLICATE_METHOD_MATCH = YES;
				COPY_PHASE_STRIP = NO;
				DEBUG_INFORMATION_FORMAT = "dwarf-with-dsym";
				ENABLE_NS_ASSERTIONS = NO;
				ENABLE_STRICT_OBJC_MSGSEND = YES;
				GCC_C_LANGUAGE_STANDARD = gnu11;
				GCC_NO_COMMON_BLOCKS = YES;
				GCC_WARN_64_TO_32_BIT_CONVERSION = YES;
				GCC_WARN_ABOUT_RETURN_TYPE = YES_ERROR;
				GCC_WARN_UNDECLARED_SELECTOR = YES;
				GCC_WARN_UNINITIALIZED_AUTOS = YES_AGGRESSIVE;
				GCC_WARN_UNUSED_FUNCTION = YES;
				GCC_WARN_UNUSED_VARIABLE = YES;
				IPHONEOS_DEPLOYMENT_TARGET = 15.5;
				MTL_ENABLE_DEBUG_INFO = NO;
				MTL_FAST_MATH = YES;
				SDKROOT = iphoneos;
				SWIFT_COMPILATION_MODE = wholemodule;
				SWIFT_OPTIMIZATION_LEVEL = "-O";
				VALIDATE_PRODUCT = YES;
			};
			name = Release;
		};
		FAA409EF2AD5B3350051F205 /* Debug */ = {
			isa = XCBuildConfiguration;
			buildSettings = {
				ASSETCATALOG_COMPILER_APPICON_NAME = AppIcon;
				ASSETCATALOG_COMPILER_GLOBAL_ACCENT_COLOR_NAME = AccentColor;
				CODE_SIGN_STYLE = Automatic;
				CURRENT_PROJECT_VERSION = 1;
				DEVELOPMENT_TEAM = 6N3JPZKBPF;
				GENERATE_INFOPLIST_FILE = YES;
				INFOPLIST_FILE = REST_API_Postman_Alamofire/Info.plist;
				INFOPLIST_KEY_UIApplicationSupportsIndirectInputEvents = YES;
				INFOPLIST_KEY_UILaunchStoryboardName = LaunchScreen;
				INFOPLIST_KEY_UIMainStoryboardFile = Main;
				INFOPLIST_KEY_UISupportedInterfaceOrientations_iPad = "UIInterfaceOrientationPortrait UIInterfaceOrientationPortraitUpsideDown UIInterfaceOrientationLandscapeLeft UIInterfaceOrientationLandscapeRight";
				INFOPLIST_KEY_UISupportedInterfaceOrientations_iPhone = "UIInterfaceOrientationPortrait UIInterfaceOrientationLandscapeLeft UIInterfaceOrientationLandscapeRight";
				LD_RUNPATH_SEARCH_PATHS = (
					"$(inherited)",
					"@executable_path/Frameworks",
				);
				MARKETING_VERSION = 1.0;
				PRODUCT_BUNDLE_IDENTIFIER = "shved.REST-API-Postman-Alamofire";
				PRODUCT_NAME = "$(TARGET_NAME)";
				SWIFT_EMIT_LOC_STRINGS = YES;
				SWIFT_VERSION = 5.0;
				TARGETED_DEVICE_FAMILY = "1,2";
			};
			name = Debug;
		};
		FAA409F02AD5B3350051F205 /* Release */ = {
			isa = XCBuildConfiguration;
			buildSettings = {
				ASSETCATALOG_COMPILER_APPICON_NAME = AppIcon;
				ASSETCATALOG_COMPILER_GLOBAL_ACCENT_COLOR_NAME = AccentColor;
				CODE_SIGN_STYLE = Automatic;
				CURRENT_PROJECT_VERSION = 1;
				DEVELOPMENT_TEAM = 6N3JPZKBPF;
				GENERATE_INFOPLIST_FILE = YES;
				INFOPLIST_FILE = REST_API_Postman_Alamofire/Info.plist;
				INFOPLIST_KEY_UIApplicationSupportsIndirectInputEvents = YES;
				INFOPLIST_KEY_UILaunchStoryboardName = LaunchScreen;
				INFOPLIST_KEY_UIMainStoryboardFile = Main;
				INFOPLIST_KEY_UISupportedInterfaceOrientations_iPad = "UIInterfaceOrientationPortrait UIInterfaceOrientationPortraitUpsideDown UIInterfaceOrientationLandscapeLeft UIInterfaceOrientationLandscapeRight";
				INFOPLIST_KEY_UISupportedInterfaceOrientations_iPhone = "UIInterfaceOrientationPortrait UIInterfaceOrientationLandscapeLeft UIInterfaceOrientationLandscapeRight";
				LD_RUNPATH_SEARCH_PATHS = (
					"$(inherited)",
					"@executable_path/Frameworks",
				);
				MARKETING_VERSION = 1.0;
				PRODUCT_BUNDLE_IDENTIFIER = "shved.REST-API-Postman-Alamofire";
				PRODUCT_NAME = "$(TARGET_NAME)";
				SWIFT_EMIT_LOC_STRINGS = YES;
				SWIFT_VERSION = 5.0;
				TARGETED_DEVICE_FAMILY = "1,2";
			};
			name = Release;
		};
/* End XCBuildConfiguration section */

/* Begin XCConfigurationList section */
		FAA409D52AD5B3300051F205 /* Build configuration list for PBXProject "REST_API_Postman_Alamofire" */ = {
			isa = XCConfigurationList;
			buildConfigurations = (
				FAA409EC2AD5B3350051F205 /* Debug */,
				FAA409ED2AD5B3350051F205 /* Release */,
			);
			defaultConfigurationIsVisible = 0;
			defaultConfigurationName = Release;
		};
		FAA409EE2AD5B3350051F205 /* Build configuration list for PBXNativeTarget "REST_API_Postman_Alamofire" */ = {
			isa = XCConfigurationList;
			buildConfigurations = (
				FAA409EF2AD5B3350051F205 /* Debug */,
				FAA409F02AD5B3350051F205 /* Release */,
			);
			defaultConfigurationIsVisible = 0;
			defaultConfigurationName = Release;
		};
/* End XCConfigurationList section */

/* Begin XCRemoteSwiftPackageReference section */
		FAA40A1F2AD874F10051F205 /* XCRemoteSwiftPackageReference "SwiftyJSON" */ = {
			isa = XCRemoteSwiftPackageReference;
			repositoryURL = "https://github.com/SwiftyJSON/SwiftyJSON.git";
			requirement = {
				kind = upToNextMajorVersion;
				minimumVersion = 5.0.0;
			};
		};
		FAA40A222AD875BE0051F205 /* XCRemoteSwiftPackageReference "Alamofire" */ = {
			isa = XCRemoteSwiftPackageReference;
			repositoryURL = "https://github.com/Alamofire/Alamofire.git";
			requirement = {
				kind = upToNextMajorVersion;
				minimumVersion = 5.0.0;
			};
		};
		FAA40A252AD876FB0051F205 /* XCRemoteSwiftPackageReference "AlamofireImage" */ = {
			isa = XCRemoteSwiftPackageReference;
			repositoryURL = "https://github.com/Alamofire/AlamofireImage.git";
			requirement = {
				kind = upToNextMajorVersion;
				minimumVersion = 4.0.0;
			};
		};
/* End XCRemoteSwiftPackageReference section */

/* Begin XCSwiftPackageProductDependency section */
		FAA40A202AD874F10051F205 /* SwiftyJSON */ = {
			isa = XCSwiftPackageProductDependency;
			package = FAA40A1F2AD874F10051F205 /* XCRemoteSwiftPackageReference "SwiftyJSON" */;
			productName = SwiftyJSON;
		};
		FAA40A232AD875BE0051F205 /* Alamofire */ = {
			isa = XCSwiftPackageProductDependency;
			package = FAA40A222AD875BE0051F205 /* XCRemoteSwiftPackageReference "Alamofire" */;
			productName = Alamofire;
		};
		FAA40A262AD876FB0051F205 /* AlamofireImage */ = {
			isa = XCSwiftPackageProductDependency;
			package = FAA40A252AD876FB0051F205 /* XCRemoteSwiftPackageReference "AlamofireImage" */;
			productName = AlamofireImage;
		};
/* End XCSwiftPackageProductDependency section */
	};
	rootObject = FAA409D22AD5B3300051F205 /* Project object */;
}
